// !$*UTF8*$!
{
	archiveVersion = 1;
	classes = {
	};
	objectVersion = 46;
	objects = {

/* Begin PBXBuildFile section */
		C4E869951CE1A6BD0046434E /* main.m in Sources */ = {isa = PBXBuildFile; fileRef = C4E869941CE1A6BD0046434E /* main.m */; };
		C4E869981CE1A6BD0046434E /* AppDelegate.m in Sources */ = {isa = PBXBuildFile; fileRef = C4E869971CE1A6BD0046434E /* AppDelegate.m */; };
		C4E869A01CE1A6BD0046434E /* Assets.xcassets in Resources */ = {isa = PBXBuildFile; fileRef = C4E8699F1CE1A6BD0046434E /* Assets.xcassets */; };
		C4E869A31CE1A6BD0046434E /* LaunchScreen.storyboard in Resources */ = {isa = PBXBuildFile; fileRef = C4E869A11CE1A6BD0046434E /* LaunchScreen.storyboard */; };
		C4E869AD1CE1A6E60046434E /* JWIntent.m in Sources */ = {isa = PBXBuildFile; fileRef = C4E869AC1CE1A6E60046434E /* JWIntent.m */; };
		C4E869B11CE1A8240046434E /* ViewController0.swift in Sources */ = {isa = PBXBuildFile; fileRef = C4E869AF1CE1A8240046434E /* ViewController0.swift */; };
		C4E869B21CE1A8240046434E /* ViewController0.xib in Resources */ = {isa = PBXBuildFile; fileRef = C4E869B01CE1A8240046434E /* ViewController0.xib */; };
		C4E869B91CE1A8B30046434E /* ViewController1.m in Sources */ = {isa = PBXBuildFile; fileRef = C4E869B71CE1A8B30046434E /* ViewController1.m */; };
		C4E869BA1CE1A8B30046434E /* ViewController1.xib in Resources */ = {isa = PBXBuildFile; fileRef = C4E869B81CE1A8B30046434E /* ViewController1.xib */; };
		C4E869DE1CE1D5AE0046434E /* JWIntentContext.m in Sources */ = {isa = PBXBuildFile; fileRef = C4E869DD1CE1D5AE0046434E /* JWIntentContext.m */; };
		C4E869F71CE2FE770046434E /* JWIntent.podspec in Resources */ = {isa = PBXBuildFile; fileRef = C4E869F41CE2FE770046434E /* JWIntent.podspec */; };
		C4E869F81CE2FE770046434E /* LICENSE in Resources */ = {isa = PBXBuildFile; fileRef = C4E869F51CE2FE770046434E /* LICENSE */; };
/* End PBXBuildFile section */

/* Begin PBXFileReference section */
		C4E869901CE1A6BD0046434E /* JWIntentDemo.app */ = {isa = PBXFileReference; explicitFileType = wrapper.application; includeInIndex = 0; path = JWIntentDemo.app; sourceTree = BUILT_PRODUCTS_DIR; };
		C4E869941CE1A6BD0046434E /* main.m */ = {isa = PBXFileReference; lastKnownFileType = sourcecode.c.objc; path = main.m; sourceTree = "<group>"; };
		C4E869961CE1A6BD0046434E /* AppDelegate.h */ = {isa = PBXFileReference; lastKnownFileType = sourcecode.c.h; path = AppDelegate.h; sourceTree = "<group>"; };
		C4E869971CE1A6BD0046434E /* AppDelegate.m */ = {isa = PBXFileReference; lastKnownFileType = sourcecode.c.objc; path = AppDelegate.m; sourceTree = "<group>"; };
		C4E8699F1CE1A6BD0046434E /* Assets.xcassets */ = {isa = PBXFileReference; lastKnownFileType = folder.assetcatalog; path = Assets.xcassets; sourceTree = "<group>"; };
		C4E869A21CE1A6BD0046434E /* Base */ = {isa = PBXFileReference; lastKnownFileType = file.storyboard; name = Base; path = Base.lproj/LaunchScreen.storyboard; sourceTree = "<group>"; };
		C4E869A41CE1A6BD0046434E /* Info.plist */ = {isa = PBXFileReference; lastKnownFileType = text.plist.xml; path = Info.plist; sourceTree = "<group>"; };
		C4E869AB1CE1A6E60046434E /* JWIntent.h */ = {isa = PBXFileReference; fileEncoding = 4; lastKnownFileType = sourcecode.c.h; path = JWIntent.h; sourceTree = "<group>"; };
		C4E869AC1CE1A6E60046434E /* JWIntent.m */ = {isa = PBXFileReference; fileEncoding = 4; lastKnownFileType = sourcecode.c.objc; path = JWIntent.m; sourceTree = "<group>"; };
		C4E869AE1CE1A8230046434E /* JWIntentDemo-Bridging-Header.h */ = {isa = PBXFileReference; lastKnownFileType = sourcecode.c.h; path = "JWIntentDemo-Bridging-Header.h"; sourceTree = "<group>"; };
		C4E869AF1CE1A8240046434E /* ViewController0.swift */ = {isa = PBXFileReference; fileEncoding = 4; lastKnownFileType = sourcecode.swift; path = ViewController0.swift; sourceTree = "<group>"; };
		C4E869B01CE1A8240046434E /* ViewController0.xib */ = {isa = PBXFileReference; fileEncoding = 4; lastKnownFileType = file.xib; path = ViewController0.xib; sourceTree = "<group>"; };
		C4E869B61CE1A8B30046434E /* ViewController1.h */ = {isa = PBXFileReference; fileEncoding = 4; lastKnownFileType = sourcecode.c.h; path = ViewController1.h; sourceTree = "<group>"; };
		C4E869B71CE1A8B30046434E /* ViewController1.m */ = {isa = PBXFileReference; fileEncoding = 4; lastKnownFileType = sourcecode.c.objc; path = ViewController1.m; sourceTree = "<group>"; };
		C4E869B81CE1A8B30046434E /* ViewController1.xib */ = {isa = PBXFileReference; fileEncoding = 4; lastKnownFileType = file.xib; path = ViewController1.xib; sourceTree = "<group>"; };
		C4E869DC1CE1D5AE0046434E /* JWIntentContext.h */ = {isa = PBXFileReference; fileEncoding = 4; lastKnownFileType = sourcecode.c.h; path = JWIntentContext.h; sourceTree = "<group>"; };
		C4E869DD1CE1D5AE0046434E /* JWIntentContext.m */ = {isa = PBXFileReference; fileEncoding = 4; lastKnownFileType = sourcecode.c.objc; path = JWIntentContext.m; sourceTree = "<group>"; };
		C4E869F41CE2FE770046434E /* JWIntent.podspec */ = {isa = PBXFileReference; fileEncoding = 4; lastKnownFileType = text; path = JWIntent.podspec; sourceTree = "<group>"; };
		C4E869F51CE2FE770046434E /* LICENSE */ = {isa = PBXFileReference; fileEncoding = 4; lastKnownFileType = text; path = LICENSE; sourceTree = "<group>"; };
		C4E869F61CE2FE770046434E /* README.md */ = {isa = PBXFileReference; fileEncoding = 4; lastKnownFileType = net.daringfireball.markdown; path = README.md; sourceTree = "<group>"; };
/* End PBXFileReference section */

/* Begin PBXFrameworksBuildPhase section */
		C4E8698D1CE1A6BD0046434E /* Frameworks */ = {
			isa = PBXFrameworksBuildPhase;
			buildActionMask = 2147483647;
			files = (
			);
			runOnlyForDeploymentPostprocessing = 0;
		};
/* End PBXFrameworksBuildPhase section */

/* Begin PBXGroup section */
		C4E869871CE1A6BD0046434E = {
			isa = PBXGroup;
			children = (
				C4E869F41CE2FE770046434E /* JWIntent.podspec */,
				C4E869F51CE2FE770046434E /* LICENSE */,
				C4E869F61CE2FE770046434E /* README.md */,
				C4E869AA1CE1A6E60046434E /* JWIntent */,
				C4E869921CE1A6BD0046434E /* JWIntentDemo */,
				C4E869911CE1A6BD0046434E /* Products */,
			);
			sourceTree = "<group>";
		};
		C4E869911CE1A6BD0046434E /* Products */ = {
			isa = PBXGroup;
			children = (
				C4E869901CE1A6BD0046434E /* JWIntentDemo.app */,
			);
			name = Products;
			sourceTree = "<group>";
		};
		C4E869921CE1A6BD0046434E /* JWIntentDemo */ = {
			isa = PBXGroup;
			children = (
				C4E869961CE1A6BD0046434E /* AppDelegate.h */,
				C4E869971CE1A6BD0046434E /* AppDelegate.m */,
				C4E869AF1CE1A8240046434E /* ViewController0.swift */,
				C4E869B01CE1A8240046434E /* ViewController0.xib */,
				C4E869B61CE1A8B30046434E /* ViewController1.h */,
				C4E869B71CE1A8B30046434E /* ViewController1.m */,
				C4E869B81CE1A8B30046434E /* ViewController1.xib */,
				C4E8699F1CE1A6BD0046434E /* Assets.xcassets */,
				C4E869A11CE1A6BD0046434E /* LaunchScreen.storyboard */,
				C4E869A41CE1A6BD0046434E /* Info.plist */,
				C4E869931CE1A6BD0046434E /* Supporting Files */,
				C4E869AE1CE1A8230046434E /* JWIntentDemo-Bridging-Header.h */,
			);
			path = JWIntentDemo;
			sourceTree = "<group>";
		};
		C4E869931CE1A6BD0046434E /* Supporting Files */ = {
			isa = PBXGroup;
			children = (
				C4E869941CE1A6BD0046434E /* main.m */,
			);
			name = "Supporting Files";
			sourceTree = "<group>";
		};
		C4E869AA1CE1A6E60046434E /* JWIntent */ = {
			isa = PBXGroup;
			children = (
				C4E869AB1CE1A6E60046434E /* JWIntent.h */,
				C4E869AC1CE1A6E60046434E /* JWIntent.m */,
				C4E869DC1CE1D5AE0046434E /* JWIntentContext.h */,
				C4E869DD1CE1D5AE0046434E /* JWIntentContext.m */,
			);
			path = JWIntent;
			sourceTree = "<group>";
		};
/* End PBXGroup section */

/* Begin PBXNativeTarget section */
		C4E8698F1CE1A6BD0046434E /* JWIntentDemo */ = {
			isa = PBXNativeTarget;
			buildConfigurationList = C4E869A71CE1A6BD0046434E /* Build configuration list for PBXNativeTarget "JWIntentDemo" */;
			buildPhases = (
				C4E8698C1CE1A6BD0046434E /* Sources */,
				C4E8698D1CE1A6BD0046434E /* Frameworks */,
				C4E8698E1CE1A6BD0046434E /* Resources */,
			);
			buildRules = (
			);
			dependencies = (
			);
			name = JWIntentDemo;
			productName = JWIntentDemo;
			productReference = C4E869901CE1A6BD0046434E /* JWIntentDemo.app */;
			productType = "com.apple.product-type.application";
		};
/* End PBXNativeTarget section */

/* Begin PBXProject section */
		C4E869881CE1A6BD0046434E /* Project object */ = {
			isa = PBXProject;
			attributes = {
				LastUpgradeCheck = 0730;
				ORGANIZATIONNAME = "Jerry Wong";
				TargetAttributes = {
					C4E8698F1CE1A6BD0046434E = {
						CreatedOnToolsVersion = 7.3.1;
					};
				};
			};
			buildConfigurationList = C4E8698B1CE1A6BD0046434E /* Build configuration list for PBXProject "JWIntentDemo" */;
			compatibilityVersion = "Xcode 3.2";
			developmentRegion = English;
			hasScannedForEncodings = 0;
			knownRegions = (
				en,
				Base,
			);
			mainGroup = C4E869871CE1A6BD0046434E;
			productRefGroup = C4E869911CE1A6BD0046434E /* Products */;
			projectDirPath = "";
			projectRoot = "";
			targets = (
				C4E8698F1CE1A6BD0046434E /* JWIntentDemo */,
			);
		};
/* End PBXProject section */

/* Begin PBXResourcesBuildPhase section */
		C4E8698E1CE1A6BD0046434E /* Resources */ = {
			isa = PBXResourcesBuildPhase;
			buildActionMask = 2147483647;
			files = (
				C4E869F81CE2FE770046434E /* LICENSE in Resources */,
				C4E869BA1CE1A8B30046434E /* ViewController1.xib in Resources */,
				C4E869F71CE2FE770046434E /* JWIntent.podspec in Resources */,
				C4E869B21CE1A8240046434E /* ViewController0.xib in Resources */,
				C4E869A31CE1A6BD0046434E /* LaunchScreen.storyboard in Resources */,
				C4E869A01CE1A6BD0046434E /* Assets.xcassets in Resources */,
			);
			runOnlyForDeploymentPostprocessing = 0;
		};
/* End PBXResourcesBuildPhase section */

/* Begin PBXSourcesBuildPhase section */
		C4E8698C1CE1A6BD0046434E /* Sources */ = {
			isa = PBXSourcesBuildPhase;
			buildActionMask = 2147483647;
			files = (
				C4E869B91CE1A8B30046434E /* ViewController1.m in Sources */,
				C4E869AD1CE1A6E60046434E /* JWIntent.m in Sources */,
				C4E869981CE1A6BD0046434E /* AppDelegate.m in Sources */,
				C4E869951CE1A6BD0046434E /* main.m in Sources */,
				C4E869DE1CE1D5AE0046434E /* JWIntentContext.m in Sources */,
				C4E869B11CE1A8240046434E /* ViewController0.swift in Sources */,
			);
			runOnlyForDeploymentPostprocessing = 0;
		};
/* End PBXSourcesBuildPhase section */

/* Begin PBXVariantGroup section */
		C4E869A11CE1A6BD0046434E /* LaunchScreen.storyboard */ = {
			isa = PBXVariantGroup;
			children = (
				C4E869A21CE1A6BD0046434E /* Base */,
			);
			name = LaunchScreen.storyboard;
			sourceTree = "<group>";
		};
/* End PBXVariantGroup section */

/* Begin XCBuildConfiguration section */
		C4E869A51CE1A6BD0046434E /* Debug */ = {
			isa = XCBuildConfiguration;
			buildSettings = {
				ALWAYS_SEARCH_USER_PATHS = NO;
				CLANG_ANALYZER_NONNULL = YES;
				CLANG_CXX_LANGUAGE_STANDARD = "gnu++0x";
				CLANG_CXX_LIBRARY = "libc++";
				CLANG_ENABLE_MODULES = YES;
				CLANG_ENABLE_OBJC_ARC = YES;
				CLANG_WARN_BOOL_CONVERSION = YES;
				CLANG_WARN_CONSTANT_CONVERSION = YES;
				CLANG_WARN_DIRECT_OBJC_ISA_USAGE = YES_ERROR;
				CLANG_WARN_EMPTY_BODY = YES;
				CLANG_WARN_ENUM_CONVERSION = YES;
				CLANG_WARN_INT_CONVERSION = YES;
				CLANG_WARN_OBJC_ROOT_CLASS = YES_ERROR;
				CLANG_WARN_UNREACHABLE_CODE = YES;
				CLANG_WARN__DUPLICATE_METHOD_MATCH = YES;
				"CODE_SIGN_IDENTITY[sdk=iphoneos*]" = "iPhone Developer";
				COPY_PHASE_STRIP = NO;
				DEBUG_INFORMATION_FORMAT = dwarf;
				ENABLE_STRICT_OBJC_MSGSEND = YES;
				ENABLE_TESTABILITY = YES;
				GCC_C_LANGUAGE_STANDARD = gnu99;
				GCC_DYNAMIC_NO_PIC = NO;
				GCC_NO_COMMON_BLOCKS = YES;
				GCC_OPTIMIZATION_LEVEL = 0;
				GCC_PREPROCESSOR_DEFINITIONS = (
					"DEBUG=1",
					"$(inherited)",
				);
				GCC_WARN_64_TO_32_BIT_CONVERSION = YES;
				GCC_WARN_ABOUT_RETURN_TYPE = YES_ERROR;
				GCC_WARN_UNDECLARED_SELECTOR = YES;
				GCC_WARN_UNINITIALIZED_AUTOS = YES_AGGRESSIVE;
				GCC_WARN_UNUSED_FUNCTION = YES;
				GCC_WARN_UNUSED_VARIABLE = YES;
				IPHONEOS_DEPLOYMENT_TARGET = 9.3;
				MTL_ENABLE_DEBUG_INFO = YES;
				ONLY_ACTIVE_ARCH = YES;
				SDKROOT = iphoneos;
			};
			name = Debug;
		};
		C4E869A61CE1A6BD0046434E /* Release */ = {
			isa = XCBuildConfiguration;
			buildSettings = {
				ALWAYS_SEARCH_USER_PATHS = NO;
				CLANG_ANALYZER_NONNULL = YES;
				CLANG_CXX_LANGUAGE_STANDARD = "gnu++0x";
				CLANG_CXX_LIBRARY = "libc++";
				CLANG_ENABLE_MODULES = YES;
				CLANG_ENABLE_OBJC_ARC = YES;
				CLANG_WARN_BOOL_CONVERSION = YES;
				CLANG_WARN_CONSTANT_CONVERSION = YES;
				CLANG_WARN_DIRECT_OBJC_ISA_USAGE = YES_ERROR;
				CLANG_WARN_EMPTY_BODY = YES;
				CLANG_WARN_ENUM_CONVERSION = YES;
				CLANG_WARN_INT_CONVERSION = YES;
				CLANG_WARN_OBJC_ROOT_CLASS = YES_ERROR;
				CLANG_WARN_UNREACHABLE_CODE = YES;
				CLANG_WARN__DUPLICATE_METHOD_MATCH = YES;
				"CODE_SIGN_IDENTITY[sdk=iphoneos*]" = "iPhone Developer";
				COPY_PHASE_STRIP = NO;
				DEBUG_INFORMATION_FORMAT = "dwarf-with-dsym";
				ENABLE_NS_ASSERTIONS = NO;
				ENABLE_STRICT_OBJC_MSGSEND = YES;
				GCC_C_LANGUAGE_STANDARD = gnu99;
				GCC_NO_COMMON_BLOCKS = YES;
				GCC_WARN_64_TO_32_BIT_CONVERSION = YES;
				GCC_WARN_ABOUT_RETURN_TYPE = YES_ERROR;
				GCC_WARN_UNDECLARED_SELECTOR = YES;
				GCC_WARN_UNINITIALIZED_AUTOS = YES_AGGRESSIVE;
				GCC_WARN_UNUSED_FUNCTION = YES;
				GCC_WARN_UNUSED_VARIABLE = YES;
				IPHONEOS_DEPLOYMENT_TARGET = 9.3;
				MTL_ENABLE_DEBUG_INFO = NO;
				SDKROOT = iphoneos;
				VALIDATE_PRODUCT = YES;
			};
			name = Release;
		};
		C4E869A81CE1A6BD0046434E /* Debug */ = {
			isa = XCBuildConfiguration;
			buildSettings = {
				ASSETCATALOG_COMPILER_APPICON_NAME = AppIcon;
				CLANG_ENABLE_MODULES = YES;
				INFOPLIST_FILE = JWIntentDemo/Info.plist;
				LD_RUNPATH_SEARCH_PATHS = "$(inherited) @executable_path/Frameworks";
				PRODUCT_BUNDLE_IDENTIFIER = com.jerry.JWIntentDemo;
				PRODUCT_NAME = "$(TARGET_NAME)";
				SWIFT_OBJC_BRIDGING_HEADER = "JWIntentDemo/JWIntentDemo-Bridging-Header.h";
				SWIFT_OPTIMIZATION_LEVEL = "-Onone";
			};
			name = Debug;
		};
		C4E869A91CE1A6BD0046434E /* Release */ = {
			isa = XCBuildConfiguration;
			buildSettings = {
				ASSETCATALOG_COMPILER_APPICON_NAME = AppIcon;
				CLANG_ENABLE_MODULES = YES;
				INFOPLIST_FILE = JWIntentDemo/Info.plist;
				LD_RUNPATH_SEARCH_PATHS = "$(inherited) @executable_path/Frameworks";
				PRODUCT_BUNDLE_IDENTIFIER = com.jerry.JWIntentDemo;
				PRODUCT_NAME = "$(TARGET_NAME)";
				SWIFT_OBJC_BRIDGING_HEADER = "JWIntentDemo/JWIntentDemo-Bridging-Header.h";
			};
			name = Release;
		};
/* End XCBuildConfiguration section */

/* Begin XCConfigurationList section */
		C4E8698B1CE1A6BD0046434E /* Build configuration list for PBXProject "JWIntentDemo" */ = {
			isa = XCConfigurationList;
			buildConfigurations = (
				C4E869A51CE1A6BD0046434E /* Debug */,
				C4E869A61CE1A6BD0046434E /* Release */,
			);
			defaultConfigurationIsVisible = 0;
			defaultConfigurationName = Release;
		};
		C4E869A71CE1A6BD0046434E /* Build configuration list for PBXNativeTarget "JWIntentDemo" */ = {
			isa = XCConfigurationList;
			buildConfigurations = (
				C4E869A81CE1A6BD0046434E /* Debug */,
				C4E869A91CE1A6BD0046434E /* Release */,
			);
			defaultConfigurationIsVisible = 0;
			defaultConfigurationName = Release;
		};
/* End XCConfigurationList section */
	};
	rootObject = C4E869881CE1A6BD0046434E /* Project object */;
}
