// !$*UTF8*$!
{
	archiveVersion = 1;
	classes = {
	};
	objectVersion = 46;
	objects = {

/* Begin PBXBuildFile section */
		C402AAC21FB3E9FC00B8FA09 /* ContentViewController.swift in Sources */ = {isa = PBXBuildFile; fileRef = C402AAB51FB3E9FC00B8FA09 /* ContentViewController.swift */; };
		C402AAC31FB3E9FC00B8FA09 /* ModalViewController.xib in Resources */ = {isa = PBXBuildFile; fileRef = C402AAB61FB3E9FC00B8FA09 /* ModalViewController.xib */; };
		C402AAC41FB3E9FC00B8FA09 /* UIViewController+PopHandler.swift in Sources */ = {isa = PBXBuildFile; fileRef = C402AAB71FB3E9FC00B8FA09 /* UIViewController+PopHandler.swift */; };
		C402AAC51FB3E9FC00B8FA09 /* Assets.xcassets in Resources */ = {isa = PBXBuildFile; fileRef = C402AAB81FB3E9FC00B8FA09 /* Assets.xcassets */; };
		C402AAC61FB3E9FC00B8FA09 /* ContentViewController.xib in Resources */ = {isa = PBXBuildFile; fileRef = C402AAB91FB3E9FC00B8FA09 /* ContentViewController.xib */; };
		C402AAC71FB3E9FC00B8FA09 /* ModalViewController.swift in Sources */ = {isa = PBXBuildFile; fileRef = C402AABA1FB3E9FC00B8FA09 /* ModalViewController.swift */; };
		C402AAC81FB3E9FC00B8FA09 /* LaunchScreen.storyboard in Resources */ = {isa = PBXBuildFile; fileRef = C402AABB1FB3E9FC00B8FA09 /* LaunchScreen.storyboard */; };
		C402AAC91FB3E9FC00B8FA09 /* __init__.swift in Sources */ = {isa = PBXBuildFile; fileRef = C402AABD1FB3E9FC00B8FA09 /* __init__.swift */; };
		C402AACA1FB3E9FC00B8FA09 /* EntryViewContoller.xib in Resources */ = {isa = PBXBuildFile; fileRef = C402AABE1FB3E9FC00B8FA09 /* EntryViewContoller.xib */; };
		C402AACB1FB3E9FC00B8FA09 /* AppDelegate.swift in Sources */ = {isa = PBXBuildFile; fileRef = C402AABF1FB3E9FC00B8FA09 /* AppDelegate.swift */; };
		C402AACD1FB3E9FC00B8FA09 /* EntryViewContoller.swift in Sources */ = {isa = PBXBuildFile; fileRef = C402AAC11FB3E9FC00B8FA09 /* EntryViewContoller.swift */; };
		C431F4FC1FB97DC100FAD488 /* FlipTransition.swift in Sources */ = {isa = PBXBuildFile; fileRef = C431F4FB1FB97DC100FAD488 /* FlipTransition.swift */; };
		C48E37271FB2AF8800857553 /* AssociatedTransition.swift in Sources */ = {isa = PBXBuildFile; fileRef = C48E371E1FB2AF8700857553 /* AssociatedTransition.swift */; };
		C48E37281FB2AF8800857553 /* Transition.swift in Sources */ = {isa = PBXBuildFile; fileRef = C48E371F1FB2AF8700857553 /* Transition.swift */; };
		C48E37291FB2AF8800857553 /* SystemTransition.swift in Sources */ = {isa = PBXBuildFile; fileRef = C48E37201FB2AF8700857553 /* SystemTransition.swift */; };
		C48E372A1FB2AF8800857553 /* RingTransition.swift in Sources */ = {isa = PBXBuildFile; fileRef = C48E37211FB2AF8700857553 /* RingTransition.swift */; };
		C48E372B1FB2AF8800857553 /* Handler.swift in Sources */ = {isa = PBXBuildFile; fileRef = C48E37221FB2AF8700857553 /* Handler.swift */; };
		C48E372C1FB2AF8800857553 /* Router.swift in Sources */ = {isa = PBXBuildFile; fileRef = C48E37231FB2AF8700857553 /* Router.swift */; };
		C48E372D1FB2AF8800857553 /* IntentCtx.swift in Sources */ = {isa = PBXBuildFile; fileRef = C48E37241FB2AF8700857553 /* IntentCtx.swift */; };
		C48E372E1FB2AF8800857553 /* Utility.swift in Sources */ = {isa = PBXBuildFile; fileRef = C48E37251FB2AF8700857553 /* Utility.swift */; };
		C48E372F1FB2AF8800857553 /* Intent.swift in Sources */ = {isa = PBXBuildFile; fileRef = C48E37261FB2AF8700857553 /* Intent.swift */; };
/* End PBXBuildFile section */

/* Begin PBXFileReference section */
		C402AAB21FB3E98600B8FA09 /* Intent.podspec */ = {isa = PBXFileReference; fileEncoding = 4; lastKnownFileType = text; path = Intent.podspec; sourceTree = "<group>"; };
		C402AAB51FB3E9FC00B8FA09 /* ContentViewController.swift */ = {isa = PBXFileReference; fileEncoding = 4; lastKnownFileType = sourcecode.swift; path = ContentViewController.swift; sourceTree = "<group>"; };
		C402AAB61FB3E9FC00B8FA09 /* ModalViewController.xib */ = {isa = PBXFileReference; fileEncoding = 4; lastKnownFileType = file.xib; path = ModalViewController.xib; sourceTree = "<group>"; };
		C402AAB71FB3E9FC00B8FA09 /* UIViewController+PopHandler.swift */ = {isa = PBXFileReference; fileEncoding = 4; lastKnownFileType = sourcecode.swift; path = "UIViewController+PopHandler.swift"; sourceTree = "<group>"; };
		C402AAB81FB3E9FC00B8FA09 /* Assets.xcassets */ = {isa = PBXFileReference; lastKnownFileType = folder.assetcatalog; path = Assets.xcassets; sourceTree = "<group>"; };
		C402AAB91FB3E9FC00B8FA09 /* ContentViewController.xib */ = {isa = PBXFileReference; fileEncoding = 4; lastKnownFileType = file.xib; path = ContentViewController.xib; sourceTree = "<group>"; };
		C402AABA1FB3E9FC00B8FA09 /* ModalViewController.swift */ = {isa = PBXFileReference; fileEncoding = 4; lastKnownFileType = sourcecode.swift; path = ModalViewController.swift; sourceTree = "<group>"; };
		C402AABC1FB3E9FC00B8FA09 /* Base */ = {isa = PBXFileReference; lastKnownFileType = file.storyboard; name = Base; path = Base.lproj/LaunchScreen.storyboard; sourceTree = "<group>"; };
		C402AABD1FB3E9FC00B8FA09 /* __init__.swift */ = {isa = PBXFileReference; fileEncoding = 4; lastKnownFileType = sourcecode.swift; path = __init__.swift; sourceTree = "<group>"; };
		C402AABE1FB3E9FC00B8FA09 /* EntryViewContoller.xib */ = {isa = PBXFileReference; fileEncoding = 4; lastKnownFileType = file.xib; path = EntryViewContoller.xib; sourceTree = "<group>"; };
		C402AABF1FB3E9FC00B8FA09 /* AppDelegate.swift */ = {isa = PBXFileReference; fileEncoding = 4; lastKnownFileType = sourcecode.swift; path = AppDelegate.swift; sourceTree = "<group>"; };
		C402AAC01FB3E9FC00B8FA09 /* Info.plist */ = {isa = PBXFileReference; fileEncoding = 4; lastKnownFileType = text.plist.xml; path = Info.plist; sourceTree = "<group>"; };
		C402AAC11FB3E9FC00B8FA09 /* EntryViewContoller.swift */ = {isa = PBXFileReference; fileEncoding = 4; lastKnownFileType = sourcecode.swift; path = EntryViewContoller.swift; sourceTree = "<group>"; };
		C431F4FB1FB97DC100FAD488 /* FlipTransition.swift */ = {isa = PBXFileReference; lastKnownFileType = sourcecode.swift; path = FlipTransition.swift; sourceTree = "<group>"; };
		C48E371E1FB2AF8700857553 /* AssociatedTransition.swift */ = {isa = PBXFileReference; fileEncoding = 4; lastKnownFileType = sourcecode.swift; path = AssociatedTransition.swift; sourceTree = "<group>"; };
		C48E371F1FB2AF8700857553 /* Transition.swift */ = {isa = PBXFileReference; fileEncoding = 4; lastKnownFileType = sourcecode.swift; path = Transition.swift; sourceTree = "<group>"; };
		C48E37201FB2AF8700857553 /* SystemTransition.swift */ = {isa = PBXFileReference; fileEncoding = 4; lastKnownFileType = sourcecode.swift; path = SystemTransition.swift; sourceTree = "<group>"; };
		C48E37211FB2AF8700857553 /* RingTransition.swift */ = {isa = PBXFileReference; fileEncoding = 4; lastKnownFileType = sourcecode.swift; path = RingTransition.swift; sourceTree = "<group>"; };
		C48E37221FB2AF8700857553 /* Handler.swift */ = {isa = PBXFileReference; fileEncoding = 4; lastKnownFileType = sourcecode.swift; path = Handler.swift; sourceTree = "<group>"; };
		C48E37231FB2AF8700857553 /* Router.swift */ = {isa = PBXFileReference; fileEncoding = 4; lastKnownFileType = sourcecode.swift; path = Router.swift; sourceTree = "<group>"; };
		C48E37241FB2AF8700857553 /* IntentCtx.swift */ = {isa = PBXFileReference; fileEncoding = 4; lastKnownFileType = sourcecode.swift; path = IntentCtx.swift; sourceTree = "<group>"; };
		C48E37251FB2AF8700857553 /* Utility.swift */ = {isa = PBXFileReference; fileEncoding = 4; lastKnownFileType = sourcecode.swift; path = Utility.swift; sourceTree = "<group>"; };
		C48E37261FB2AF8700857553 /* Intent.swift */ = {isa = PBXFileReference; fileEncoding = 4; lastKnownFileType = sourcecode.swift; path = Intent.swift; sourceTree = "<group>"; };
		C4E869901CE1A6BD0046434E /* IntentDemo.app */ = {isa = PBXFileReference; explicitFileType = wrapper.application; includeInIndex = 0; path = IntentDemo.app; sourceTree = BUILT_PRODUCTS_DIR; };
		C4E869F51CE2FE770046434E /* LICENSE */ = {isa = PBXFileReference; fileEncoding = 4; lastKnownFileType = text; path = LICENSE; sourceTree = "<group>"; };
		C4E869F61CE2FE770046434E /* README.md */ = {isa = PBXFileReference; fileEncoding = 4; lastKnownFileType = net.daringfireball.markdown; path = README.md; sourceTree = "<group>"; };
/* End PBXFileReference section */

/* Begin PBXFrameworksBuildPhase section */
		C4E8698D1CE1A6BD0046434E /* Frameworks */ = {
			isa = PBXFrameworksBuildPhase;
			buildActionMask = 2147483647;
			files = (
			);
			runOnlyForDeploymentPostprocessing = 0;
		};
/* End PBXFrameworksBuildPhase section */

/* Begin PBXGroup section */
		C402AAB41FB3E9FC00B8FA09 /* IntentDemo */ = {
			isa = PBXGroup;
			children = (
				C402AABF1FB3E9FC00B8FA09 /* AppDelegate.swift */,
				C402AAC11FB3E9FC00B8FA09 /* EntryViewContoller.swift */,
				C402AABE1FB3E9FC00B8FA09 /* EntryViewContoller.xib */,
				C402AAB51FB3E9FC00B8FA09 /* ContentViewController.swift */,
				C402AAB91FB3E9FC00B8FA09 /* ContentViewController.xib */,
				C402AABA1FB3E9FC00B8FA09 /* ModalViewController.swift */,
				C402AAB61FB3E9FC00B8FA09 /* ModalViewController.xib */,
				C402AABB1FB3E9FC00B8FA09 /* LaunchScreen.storyboard */,
				C402AABD1FB3E9FC00B8FA09 /* __init__.swift */,
				C402AAB71FB3E9FC00B8FA09 /* UIViewController+PopHandler.swift */,
				C402AAB81FB3E9FC00B8FA09 /* Assets.xcassets */,
				C402AAC01FB3E9FC00B8FA09 /* Info.plist */,
			);
			path = IntentDemo;
			sourceTree = "<group>";
		};
		C48E371C1FB2AF8700857553 /* Intent */ = {
			isa = PBXGroup;
			children = (
				C48E371D1FB2AF8700857553 /* Transition */,
				C48E37261FB2AF8700857553 /* Intent.swift */,
				C48E37241FB2AF8700857553 /* IntentCtx.swift */,
				C48E37231FB2AF8700857553 /* Router.swift */,
				C48E37221FB2AF8700857553 /* Handler.swift */,
				C48E37251FB2AF8700857553 /* Utility.swift */,
				C48E371F1FB2AF8700857553 /* Transition.swift */,
			);
			path = Intent;
			sourceTree = "<group>";
		};
		C48E371D1FB2AF8700857553 /* Transition */ = {
			isa = PBXGroup;
			children = (
				C48E37201FB2AF8700857553 /* SystemTransition.swift */,
				C48E371E1FB2AF8700857553 /* AssociatedTransition.swift */,
				C48E37211FB2AF8700857553 /* RingTransition.swift */,
				C431F4FB1FB97DC100FAD488 /* FlipTransition.swift */,
			);
			path = Transition;
			sourceTree = "<group>";
		};
		C4E869871CE1A6BD0046434E = {
			isa = PBXGroup;
			children = (
				C48E371C1FB2AF8700857553 /* Intent */,
				C402AAB41FB3E9FC00B8FA09 /* IntentDemo */,
				C402AAB21FB3E98600B8FA09 /* Intent.podspec */,
				C4E869F51CE2FE770046434E /* LICENSE */,
				C4E869F61CE2FE770046434E /* README.md */,
				C4E869911CE1A6BD0046434E /* Products */,
			);
			sourceTree = "<group>";
		};
		C4E869911CE1A6BD0046434E /* Products */ = {
			isa = PBXGroup;
			children = (
				C4E869901CE1A6BD0046434E /* IntentDemo.app */,
			);
			name = Products;
			sourceTree = "<group>";
		};
/* End PBXGroup section */

/* Begin PBXNativeTarget section */
		C4E8698F1CE1A6BD0046434E /* IntentDemo */ = {
			isa = PBXNativeTarget;
			buildConfigurationList = C4E869A71CE1A6BD0046434E /* Build configuration list for PBXNativeTarget "IntentDemo" */;
			buildPhases = (
				C4E8698C1CE1A6BD0046434E /* Sources */,
				C4E8698D1CE1A6BD0046434E /* Frameworks */,
				C4E8698E1CE1A6BD0046434E /* Resources */,
			);
			buildRules = (
			);
			dependencies = (
			);
			name = IntentDemo;
			productName = JWIntentDemo;
			productReference = C4E869901CE1A6BD0046434E /* IntentDemo.app */;
			productType = "com.apple.product-type.application";
		};
/* End PBXNativeTarget section */

/* Begin PBXProject section */
		C4E869881CE1A6BD0046434E /* Project object */ = {
			isa = PBXProject;
			attributes = {
				LastUpgradeCheck = 0910;
				ORGANIZATIONNAME = "Jerry Wong";
				TargetAttributes = {
					C4E8698F1CE1A6BD0046434E = {
						CreatedOnToolsVersion = 7.3.1;
						ProvisioningStyle = Automatic;
					};
				};
			};
			buildConfigurationList = C4E8698B1CE1A6BD0046434E /* Build configuration list for PBXProject "IntentDemo" */;
			compatibilityVersion = "Xcode 3.2";
			developmentRegion = English;
			hasScannedForEncodings = 0;
			knownRegions = (
				en,
				Base,
			);
			mainGroup = C4E869871CE1A6BD0046434E;
			productRefGroup = C4E869911CE1A6BD0046434E /* Products */;
			projectDirPath = "";
			projectRoot = "";
			targets = (
				C4E8698F1CE1A6BD0046434E /* IntentDemo */,
			);
		};
/* End PBXProject section */

/* Begin PBXResourcesBuildPhase section */
		C4E8698E1CE1A6BD0046434E /* Resources */ = {
			isa = PBXResourcesBuildPhase;
			buildActionMask = 2147483647;
			files = (
				C402AAC61FB3E9FC00B8FA09 /* ContentViewController.xib in Resources */,
				C402AACA1FB3E9FC00B8FA09 /* EntryViewContoller.xib in Resources */,
				C402AAC81FB3E9FC00B8FA09 /* LaunchScreen.storyboard in Resources */,
				C402AAC51FB3E9FC00B8FA09 /* Assets.xcassets in Resources */,
				C402AAC31FB3E9FC00B8FA09 /* ModalViewController.xib in Resources */,
			);
			runOnlyForDeploymentPostprocessing = 0;
		};
/* End PBXResourcesBuildPhase section */

/* Begin PBXSourcesBuildPhase section */
		C4E8698C1CE1A6BD0046434E /* Sources */ = {
			isa = PBXSourcesBuildPhase;
			buildActionMask = 2147483647;
			files = (
				C402AAC21FB3E9FC00B8FA09 /* ContentViewController.swift in Sources */,
				C402AAC91FB3E9FC00B8FA09 /* __init__.swift in Sources */,
				C48E37281FB2AF8800857553 /* Transition.swift in Sources */,
				C48E372C1FB2AF8800857553 /* Router.swift in Sources */,
				C402AACB1FB3E9FC00B8FA09 /* AppDelegate.swift in Sources */,
				C431F4FC1FB97DC100FAD488 /* FlipTransition.swift in Sources */,
				C402AAC41FB3E9FC00B8FA09 /* UIViewController+PopHandler.swift in Sources */,
				C402AAC71FB3E9FC00B8FA09 /* ModalViewController.swift in Sources */,
				C48E372A1FB2AF8800857553 /* RingTransition.swift in Sources */,
				C402AACD1FB3E9FC00B8FA09 /* EntryViewContoller.swift in Sources */,
				C48E372F1FB2AF8800857553 /* Intent.swift in Sources */,
				C48E37271FB2AF8800857553 /* AssociatedTransition.swift in Sources */,
				C48E372B1FB2AF8800857553 /* Handler.swift in Sources */,
				C48E372E1FB2AF8800857553 /* Utility.swift in Sources */,
				C48E37291FB2AF8800857553 /* SystemTransition.swift in Sources */,
				C48E372D1FB2AF8800857553 /* IntentCtx.swift in Sources */,
			);
			runOnlyForDeploymentPostprocessing = 0;
		};
/* End PBXSourcesBuildPhase section */

/* Begin PBXVariantGroup section */
		C402AABB1FB3E9FC00B8FA09 /* LaunchScreen.storyboard */ = {
			isa = PBXVariantGroup;
			children = (
				C402AABC1FB3E9FC00B8FA09 /* Base */,
			);
			name = LaunchScreen.storyboard;
			sourceTree = "<group>";
		};
/* End PBXVariantGroup section */

/* Begin XCBuildConfiguration section */
		C4E869A51CE1A6BD0046434E /* Debug */ = {
			isa = XCBuildConfiguration;
			buildSettings = {
				ALWAYS_SEARCH_USER_PATHS = NO;
				CLANG_ANALYZER_NONNULL = YES;
				CLANG_CXX_LANGUAGE_STANDARD = "gnu++0x";
				CLANG_CXX_LIBRARY = "libc++";
				CLANG_ENABLE_MODULES = YES;
				CLANG_ENABLE_OBJC_ARC = YES;
				CLANG_WARN_BLOCK_CAPTURE_AUTORELEASING = YES;
				CLANG_WARN_BOOL_CONVERSION = YES;
				CLANG_WARN_COMMA = YES;
				CLANG_WARN_CONSTANT_CONVERSION = YES;
				CLANG_WARN_DIRECT_OBJC_ISA_USAGE = YES_ERROR;
				CLANG_WARN_EMPTY_BODY = YES;
				CLANG_WARN_ENUM_CONVERSION = YES;
				CLANG_WARN_INFINITE_RECURSION = YES;
				CLANG_WARN_INT_CONVERSION = YES;
				CLANG_WARN_NON_LITERAL_NULL_CONVERSION = YES;
				CLANG_WARN_OBJC_LITERAL_CONVERSION = YES;
				CLANG_WARN_OBJC_ROOT_CLASS = YES_ERROR;
				CLANG_WARN_RANGE_LOOP_ANALYSIS = YES;
				CLANG_WARN_STRICT_PROTOTYPES = YES;
				CLANG_WARN_SUSPICIOUS_MOVE = YES;
				CLANG_WARN_UNREACHABLE_CODE = YES;
				CLANG_WARN__DUPLICATE_METHOD_MATCH = YES;
				"CODE_SIGN_IDENTITY[sdk=iphoneos*]" = "iPhone Developer";
				COPY_PHASE_STRIP = NO;
				DEBUG_INFORMATION_FORMAT = dwarf;
				ENABLE_STRICT_OBJC_MSGSEND = YES;
				ENABLE_TESTABILITY = YES;
				GCC_C_LANGUAGE_STANDARD = gnu99;
				GCC_DYNAMIC_NO_PIC = NO;
				GCC_NO_COMMON_BLOCKS = YES;
				GCC_OPTIMIZATION_LEVEL = 0;
				GCC_PREPROCESSOR_DEFINITIONS = (
					"DEBUG=1",
					"$(inherited)",
				);
				GCC_WARN_64_TO_32_BIT_CONVERSION = YES;
				GCC_WARN_ABOUT_RETURN_TYPE = YES_ERROR;
				GCC_WARN_UNDECLARED_SELECTOR = YES;
				GCC_WARN_UNINITIALIZED_AUTOS = YES_AGGRESSIVE;
				GCC_WARN_UNUSED_FUNCTION = YES;
				GCC_WARN_UNUSED_VARIABLE = YES;
				IPHONEOS_DEPLOYMENT_TARGET = 9.0;
				MTL_ENABLE_DEBUG_INFO = YES;
				ONLY_ACTIVE_ARCH = YES;
				SDKROOT = iphoneos;
			};
			name = Debug;
		};
		C4E869A61CE1A6BD0046434E /* Release */ = {
			isa = XCBuildConfiguration;
			buildSettings = {
				ALWAYS_SEARCH_USER_PATHS = NO;
				CLANG_ANALYZER_NONNULL = YES;
				CLANG_CXX_LANGUAGE_STANDARD = "gnu++0x";
				CLANG_CXX_LIBRARY = "libc++";
				CLANG_ENABLE_MODULES = YES;
				CLANG_ENABLE_OBJC_ARC = YES;
				CLANG_WARN_BLOCK_CAPTURE_AUTORELEASING = YES;
				CLANG_WARN_BOOL_CONVERSION = YES;
				CLANG_WARN_COMMA = YES;
				CLANG_WARN_CONSTANT_CONVERSION = YES;
				CLANG_WARN_DIRECT_OBJC_ISA_USAGE = YES_ERROR;
				CLANG_WARN_EMPTY_BODY = YES;
				CLANG_WARN_ENUM_CONVERSION = YES;
				CLANG_WARN_INFINITE_RECURSION = YES;
				CLANG_WARN_INT_CONVERSION = YES;
				CLANG_WARN_NON_LITERAL_NULL_CONVERSION = YES;
				CLANG_WARN_OBJC_LITERAL_CONVERSION = YES;
				CLANG_WARN_OBJC_ROOT_CLASS = YES_ERROR;
				CLANG_WARN_RANGE_LOOP_ANALYSIS = YES;
				CLANG_WARN_STRICT_PROTOTYPES = YES;
				CLANG_WARN_SUSPICIOUS_MOVE = YES;
				CLANG_WARN_UNREACHABLE_CODE = YES;
				CLANG_WARN__DUPLICATE_METHOD_MATCH = YES;
				"CODE_SIGN_IDENTITY[sdk=iphoneos*]" = "iPhone Developer";
				COPY_PHASE_STRIP = NO;
				DEBUG_INFORMATION_FORMAT = "dwarf-with-dsym";
				ENABLE_NS_ASSERTIONS = NO;
				ENABLE_STRICT_OBJC_MSGSEND = YES;
				GCC_C_LANGUAGE_STANDARD = gnu99;
				GCC_NO_COMMON_BLOCKS = YES;
				GCC_WARN_64_TO_32_BIT_CONVERSION = YES;
				GCC_WARN_ABOUT_RETURN_TYPE = YES_ERROR;
				GCC_WARN_UNDECLARED_SELECTOR = YES;
				GCC_WARN_UNINITIALIZED_AUTOS = YES_AGGRESSIVE;
				GCC_WARN_UNUSED_FUNCTION = YES;
				GCC_WARN_UNUSED_VARIABLE = YES;
				IPHONEOS_DEPLOYMENT_TARGET = 9.0;
				MTL_ENABLE_DEBUG_INFO = NO;
				SDKROOT = iphoneos;
				SWIFT_OPTIMIZATION_LEVEL = "-Owholemodule";
				VALIDATE_PRODUCT = YES;
			};
			name = Release;
		};
		C4E869A81CE1A6BD0046434E /* Debug */ = {
			isa = XCBuildConfiguration;
			buildSettings = {
				ASSETCATALOG_COMPILER_APPICON_NAME = AppIcon;
				CLANG_ENABLE_MODULES = YES;
				"CODE_SIGN_IDENTITY[sdk=iphoneos*]" = "iPhone Developer";
				CODE_SIGN_STYLE = Automatic;
				DEVELOPMENT_TEAM = "";
				INFOPLIST_FILE = "$(SRCROOT)/IntentDemo/Info.plist";
				LD_RUNPATH_SEARCH_PATHS = "$(inherited) @executable_path/Frameworks";
				PRODUCT_BUNDLE_IDENTIFIER = com.jerry.IntentDemo;
				PRODUCT_NAME = "$(TARGET_NAME)";
				PROVISIONING_PROFILE_SPECIFIER = "";
				SWIFT_OBJC_BRIDGING_HEADER = "";
				SWIFT_OPTIMIZATION_LEVEL = "-Onone";
				SWIFT_VERSION = 4.0;
				TARGETED_DEVICE_FAMILY = "1,2";
			};
			name = Debug;
		};
		C4E869A91CE1A6BD0046434E /* Release */ = {
			isa = XCBuildConfiguration;
			buildSettings = {
				ASSETCATALOG_COMPILER_APPICON_NAME = AppIcon;
				CLANG_ENABLE_MODULES = YES;
				"CODE_SIGN_IDENTITY[sdk=iphoneos*]" = "iPhone Developer";
				CODE_SIGN_STYLE = Automatic;
				DEVELOPMENT_TEAM = "";
				INFOPLIST_FILE = "$(SRCROOT)/IntentDemo/Info.plist";
				LD_RUNPATH_SEARCH_PATHS = "$(inherited) @executable_path/Frameworks";
				PRODUCT_BUNDLE_IDENTIFIER = com.jerry.IntentDemo;
				PRODUCT_NAME = "$(TARGET_NAME)";
				PROVISIONING_PROFILE_SPECIFIER = "";
				SWIFT_OBJC_BRIDGING_HEADER = "";
				SWIFT_VERSION = 4.0;
				TARGETED_DEVICE_FAMILY = "1,2";
			};
			name = Release;
		};
/* End XCBuildConfiguration section */

/* Begin XCConfigurationList section */
		C4E8698B1CE1A6BD0046434E /* Build configuration list for PBXProject "IntentDemo" */ = {
			isa = XCConfigurationList;
			buildConfigurations = (
				C4E869A51CE1A6BD0046434E /* Debug */,
				C4E869A61CE1A6BD0046434E /* Release */,
			);
			defaultConfigurationIsVisible = 0;
			defaultConfigurationName = Release;
		};
		C4E869A71CE1A6BD0046434E /* Build configuration list for PBXNativeTarget "IntentDemo" */ = {
			isa = XCConfigurationList;
			buildConfigurations = (
				C4E869A81CE1A6BD0046434E /* Debug */,
				C4E869A91CE1A6BD0046434E /* Release */,
			);
			defaultConfigurationIsVisible = 0;
			defaultConfigurationName = Release;
		};
/* End XCConfigurationList section */
	};
	rootObject = C4E869881CE1A6BD0046434E /* Project object */;
}
